
Microsoft Visual Studio Solution File, Format Version 12.00
# Visual Studio 15
VisualStudioVersion = 15.0.28307.329
MinimumVisualStudioVersion = 10.0.40219.1
Project("{8BC9CEB8-8B4A-11D0-8D11-00A0C91BC942}") = "20190310顺序表", "20190310顺序表\20190310顺序表.vcxproj", "{8D9DF45C-737D-4500-BDDF-663A9E1909C6}"
EndProject
Global
	GlobalSection(SolutionConfigurationPlatforms) = preSolution
		Debug|x64 = Debug|x64
		Debug|x86 = Debug|x86
		Release|x64 = Release|x64
		Release|x86 = Release|x86
	EndGlobalSection
	GlobalSection(ProjectConfigurationPlatforms) = postSolution
		{8D9DF45C-737D-4500-BDDF-663A9E1909C6}.Debug|x64.ActiveCfg = Debug|x64
		{8D9DF45C-737D-4500-BDDF-663A9E1909C6}.Debug|x64.Build.0 = Debug|x64
		{8D9DF45C-737D-4500-BDDF-663A9E1909C6}.Debug|x86.ActiveCfg = Debug|Win32
		{8D9DF45C-737D-4500-BDDF-663A9E1909C6}.Debug|x86.Build.0 = Debug|Win32
		{8D9DF45C-737D-4500-BDDF-663A9E1909C6}.Release|x64.ActiveCfg = Release|x64
		{8D9DF45C-737D-4500-BDDF-663A9E1909C6}.Release|x64.Build.0 = Release|x64
		{8D9DF45C-737D-4500-BDDF-663A9E1909C6}.Release|x86.ActiveCfg = Release|Win32
		{8D9DF45C-737D-4500-BDDF-663A9E1909C6}.Release|x86.Build.0 = Release|Win32
	EndGlobalSection
	GlobalSection(SolutionProperties) = preSolution
		HideSolutionNode = FALSE
	EndGlobalSection
	GlobalSection(ExtensibilityGlobals) = postSolution
		SolutionGuid = {DFD373BC-3E72-420A-9D2C-1545B5A825B4}
	EndGlobalSection
EndGlobal
